
Microsoft Visual Studio Solution File, Format Version 12.00
# Visual Studio Version 16
VisualStudioVersion = 16.0.29911.84
MinimumVisualStudioVersion = 10.0.40219.1
Project("{FAE04EC0-301F-11D3-BF4B-00C04F79EFBC}") = "SmartGridTechnology", "SmartGridTechnology\SmartGridTechnology.csproj", "{8C059ADD-9332-41AB-B59B-B7730C48255E}"
EndProject
Global
	GlobalSection(SolutionConfigurationPlatforms) = preSolution
		Debug|Any CPU = Debug|Any CPU
		Release|Any CPU = Release|Any CPU
	EndGlobalSection
	GlobalSection(ProjectConfigurationPlatforms) = postSolution
		{8C059ADD-9332-41AB-B59B-B7730C48255E}.Debug|Any CPU.ActiveCfg = Debug|Any CPU
		{8C059ADD-9332-41AB-B59B-B7730C48255E}.Debug|Any CPU.Build.0 = Debug|Any CPU
		{8C059ADD-9332-41AB-B59B-B7730C48255E}.Release|Any CPU.ActiveCfg = Release|Any CPU
		{8C059ADD-9332-41AB-B59B-B7730C48255E}.Release|Any CPU.Build.0 = Release|Any CPU
	EndGlobalSection
	GlobalSection(SolutionProperties) = preSolution
		HideSolutionNode = FALSE
	EndGlobalSection
	GlobalSection(ExtensibilityGlobals) = postSolution
		SolutionGuid = {3B4F2D0A-115F-4489-8AD2-19A41B532A0F}
	EndGlobalSection
EndGlobal
